
Microsoft Visual Studio Solution File, Format Version 12.00
# Visual Studio Version 17
VisualStudioVersion = 17.0.31717.71
MinimumVisualStudioVersion = 10.0.40219.1
Project("{FAE04EC0-301F-11D3-BF4B-00C04F79EFBC}") = "Menu", "Menu.csproj", "{FA39FABF-1F15-4972-B185-641CFDD62CF9}"
EndProject
Project("{FAE04EC0-301F-11D3-BF4B-00C04F79EFBC}") = "GemiddeldeMDI", "..\GemiddeldeMDI\GemiddeldeMDI.csproj", "{B8A34682-0D0F-4B3E-8DD3-80F245AB54B9}"
EndProject
Project("{FAE04EC0-301F-11D3-BF4B-00C04F79EFBC}") = "Oefening3", "..\Oefening3\Oefening3.csproj", "{A75CBE4F-1CA0-4C6F-B9B4-66861D7B7C7B}"
EndProject
Global
	GlobalSection(SolutionConfigurationPlatforms) = preSolution
		Debug|Any CPU = Debug|Any CPU
		Release|Any CPU = Release|Any CPU
	EndGlobalSection
	GlobalSection(ProjectConfigurationPlatforms) = postSolution
		{FA39FABF-1F15-4972-B185-641CFDD62CF9}.Debug|Any CPU.ActiveCfg = Debug|Any CPU
		{FA39FABF-1F15-4972-B185-641CFDD62CF9}.Debug|Any CPU.Build.0 = Debug|Any CPU
		{FA39FABF-1F15-4972-B185-641CFDD62CF9}.Release|Any CPU.ActiveCfg = Release|Any CPU
		{FA39FABF-1F15-4972-B185-641CFDD62CF9}.Release|Any CPU.Build.0 = Release|Any CPU
		{B8A34682-0D0F-4B3E-8DD3-80F245AB54B9}.Debug|Any CPU.ActiveCfg = Debug|Any CPU
		{B8A34682-0D0F-4B3E-8DD3-80F245AB54B9}.Debug|Any CPU.Build.0 = Debug|Any CPU
		{B8A34682-0D0F-4B3E-8DD3-80F245AB54B9}.Release|Any CPU.ActiveCfg = Release|Any CPU
		{B8A34682-0D0F-4B3E-8DD3-80F245AB54B9}.Release|Any CPU.Build.0 = Release|Any CPU
		{A75CBE4F-1CA0-4C6F-B9B4-66861D7B7C7B}.Debug|Any CPU.ActiveCfg = Debug|Any CPU
		{A75CBE4F-1CA0-4C6F-B9B4-66861D7B7C7B}.Debug|Any CPU.Build.0 = Debug|Any CPU
		{A75CBE4F-1CA0-4C6F-B9B4-66861D7B7C7B}.Release|Any CPU.ActiveCfg = Release|Any CPU
		{A75CBE4F-1CA0-4C6F-B9B4-66861D7B7C7B}.Release|Any CPU.Build.0 = Release|Any CPU
	EndGlobalSection
	GlobalSection(SolutionProperties) = preSolution
		HideSolutionNode = FALSE
	EndGlobalSection
	GlobalSection(ExtensibilityGlobals) = postSolution
		SolutionGuid = {E5F45F98-3D26-439E-963E-269FCC297895}
	EndGlobalSection
EndGlobal
